hash: 73db383744d87207ccc3c524262a15a5b39be8c755354c7791e6cbda3a7b2b33
updated: 2016-04-05T18:22:26.083102963-04:00
imports:
- name: github.com/docker/docker
  version: d12ea79c9de6d144ce6bc7ccfe41c507cca6fd35
- name: github.com/docker/libcompose
  version: c12bd12c983e83668eef751dca5ac06acd4a4fcd
  subpackages:
  - project
- name: github.com/docker/libcontainer
  version: 5dc7ba0f24332273461e45bc49edcb4d5aa6c44c
- name: github.com/flynn/go-shlex
  version: 3f9db97f856818214da2e1057f8ad84803971cff
- name: github.com/ghodss/yaml
  version: 1a6f069841556a7bcaff4a397ca6e8328d266c2f
- name: k8s.io/kubernetes
  version: 5cb86ee022267586db386f62781338b0483733b3
  subpackages:
  - pkg/apis/batch/v1
devImports: []
